
Microsoft Visual Studio Solution File, Format Version 12.00
Project("{FAE04EC0-301F-11D3-BF4B-00C04F79EFBC}") = "UserBlock.Api", "UserBlock.Api\UserBlock.Api.csproj", "{482EA89F-4E71-40CD-B94F-2C4784EAF317}"
EndProject
Project("{FAE04EC0-301F-11D3-BF4B-00C04F79EFBC}") = "UserBlock.Contracts", "UserBlock.Contracts\UserBlock.Contracts.csproj", "{BB1AEBD8-248D-48F1-B2F3-674A74B10393}"
EndProject
Project("{FAE04EC0-301F-11D3-BF4B-00C04F79EFBC}") = "UserBlock.Application", "UserBlock.Application\UserBlock.Application.csproj", "{8C8A66DF-1D0B-4AB4-A47E-0D10E1BF8E95}"
EndProject
Project("{FAE04EC0-301F-11D3-BF4B-00C04F79EFBC}") = "UserBlock.Infrastructure", "UserBlock.Infrastructure\UserBlock.Infrastructure.csproj", "{0C4AFF55-1D06-4CDD-A3CA-AC3DE1130016}"
EndProject
Project("{FAE04EC0-301F-11D3-BF4B-00C04F79EFBC}") = "UserBlock.Domain", "UserBlock.Domain\UserBlock.Domain.csproj", "{C2D5DB68-AD49-4D3C-B345-946BDA42E003}"
EndProject
Project("{2150E333-8FDC-42A3-9474-1A3956D46DE8}") = "Tests", "Tests", "{190DCE9C-BF1E-4EC4-89AB-B92DB0F2D456}"
EndProject
Project("{FAE04EC0-301F-11D3-BF4B-00C04F79EFBC}") = "UserBlock.IntegrationTest", "UserBlock.IntegrationTest\UserBlock.IntegrationTest.csproj", "{0247AB72-FA27-4900-A684-EDE1E5E9ED9E}"
EndProject
Global
	GlobalSection(SolutionConfigurationPlatforms) = preSolution
		Debug|Any CPU = Debug|Any CPU
		Release|Any CPU = Release|Any CPU
	EndGlobalSection
	GlobalSection(ProjectConfigurationPlatforms) = postSolution
		{482EA89F-4E71-40CD-B94F-2C4784EAF317}.Debug|Any CPU.ActiveCfg = Debug|Any CPU
		{482EA89F-4E71-40CD-B94F-2C4784EAF317}.Debug|Any CPU.Build.0 = Debug|Any CPU
		{482EA89F-4E71-40CD-B94F-2C4784EAF317}.Release|Any CPU.ActiveCfg = Release|Any CPU
		{482EA89F-4E71-40CD-B94F-2C4784EAF317}.Release|Any CPU.Build.0 = Release|Any CPU
		{BB1AEBD8-248D-48F1-B2F3-674A74B10393}.Debug|Any CPU.ActiveCfg = Debug|Any CPU
		{BB1AEBD8-248D-48F1-B2F3-674A74B10393}.Debug|Any CPU.Build.0 = Debug|Any CPU
		{BB1AEBD8-248D-48F1-B2F3-674A74B10393}.Release|Any CPU.ActiveCfg = Release|Any CPU
		{BB1AEBD8-248D-48F1-B2F3-674A74B10393}.Release|Any CPU.Build.0 = Release|Any CPU
		{8C8A66DF-1D0B-4AB4-A47E-0D10E1BF8E95}.Debug|Any CPU.ActiveCfg = Debug|Any CPU
		{8C8A66DF-1D0B-4AB4-A47E-0D10E1BF8E95}.Debug|Any CPU.Build.0 = Debug|Any CPU
		{8C8A66DF-1D0B-4AB4-A47E-0D10E1BF8E95}.Release|Any CPU.ActiveCfg = Release|Any CPU
		{8C8A66DF-1D0B-4AB4-A47E-0D10E1BF8E95}.Release|Any CPU.Build.0 = Release|Any CPU
		{0C4AFF55-1D06-4CDD-A3CA-AC3DE1130016}.Debug|Any CPU.ActiveCfg = Debug|Any CPU
		{0C4AFF55-1D06-4CDD-A3CA-AC3DE1130016}.Debug|Any CPU.Build.0 = Debug|Any CPU
		{0C4AFF55-1D06-4CDD-A3CA-AC3DE1130016}.Release|Any CPU.ActiveCfg = Release|Any CPU
		{0C4AFF55-1D06-4CDD-A3CA-AC3DE1130016}.Release|Any CPU.Build.0 = Release|Any CPU
		{C2D5DB68-AD49-4D3C-B345-946BDA42E003}.Debug|Any CPU.ActiveCfg = Debug|Any CPU
		{C2D5DB68-AD49-4D3C-B345-946BDA42E003}.Debug|Any CPU.Build.0 = Debug|Any CPU
		{C2D5DB68-AD49-4D3C-B345-946BDA42E003}.Release|Any CPU.ActiveCfg = Release|Any CPU
		{C2D5DB68-AD49-4D3C-B345-946BDA42E003}.Release|Any CPU.Build.0 = Release|Any CPU
		{0247AB72-FA27-4900-A684-EDE1E5E9ED9E}.Debug|Any CPU.ActiveCfg = Debug|Any CPU
		{0247AB72-FA27-4900-A684-EDE1E5E9ED9E}.Debug|Any CPU.Build.0 = Debug|Any CPU
		{0247AB72-FA27-4900-A684-EDE1E5E9ED9E}.Release|Any CPU.ActiveCfg = Release|Any CPU
		{0247AB72-FA27-4900-A684-EDE1E5E9ED9E}.Release|Any CPU.Build.0 = Release|Any CPU
	EndGlobalSection
	GlobalSection(NestedProjects) = preSolution
		{0247AB72-FA27-4900-A684-EDE1E5E9ED9E} = {190DCE9C-BF1E-4EC4-89AB-B92DB0F2D456}
	EndGlobalSection
EndGlobal
